
Microsoft Visual Studio Solution File, Format Version 12.00
# Visual Studio 15
VisualStudioVersion = 15.0.26430.6
MinimumVisualStudioVersion = 10.0.40219.1
Project("{FAE04EC0-301F-11D3-BF4B-00C04F79EFBC}") = "NicePics", "NicePics\NicePics.csproj", "{2A051F20-EB83-46CC-A83F-FFA176A5D839}"
EndProject
Project("{FAE04EC0-301F-11D3-BF4B-00C04F79EFBC}") = "AllPicsHere", "AllPicsHere\AllPicsHere.csproj", "{A8BB2D0A-FB1F-4ADB-875F-00C009E5F664}"
EndProject
Global
	GlobalSection(SolutionConfigurationPlatforms) = preSolution
		Debug|Any CPU = Debug|Any CPU
		Release|Any CPU = Release|Any CPU
	EndGlobalSection
	GlobalSection(ProjectConfigurationPlatforms) = postSolution
		{2A051F20-EB83-46CC-A83F-FFA176A5D839}.Debug|Any CPU.ActiveCfg = Debug|Any CPU
		{2A051F20-EB83-46CC-A83F-FFA176A5D839}.Debug|Any CPU.Build.0 = Debug|Any CPU
		{2A051F20-EB83-46CC-A83F-FFA176A5D839}.Release|Any CPU.ActiveCfg = Release|Any CPU
		{2A051F20-EB83-46CC-A83F-FFA176A5D839}.Release|Any CPU.Build.0 = Release|Any CPU
		{A8BB2D0A-FB1F-4ADB-875F-00C009E5F664}.Debug|Any CPU.ActiveCfg = Debug|Any CPU
		{A8BB2D0A-FB1F-4ADB-875F-00C009E5F664}.Debug|Any CPU.Build.0 = Debug|Any CPU
		{A8BB2D0A-FB1F-4ADB-875F-00C009E5F664}.Release|Any CPU.ActiveCfg = Release|Any CPU
		{A8BB2D0A-FB1F-4ADB-875F-00C009E5F664}.Release|Any CPU.Build.0 = Release|Any CPU
	EndGlobalSection
	GlobalSection(SolutionProperties) = preSolution
		HideSolutionNode = FALSE
	EndGlobalSection
EndGlobal
